
Microsoft Visual Studio Solution File, Format Version 12.00
# Visual Studio Version 16
VisualStudioVersion = 16.0.30011.22
MinimumVisualStudioVersion = 10.0.40219.1
Project("{FAE04EC0-301F-11D3-BF4B-00C04F79EFBC}") = "Nepesseg", "Nepesseg.csproj", "{E577C922-00CD-4A7A-A7F6-93D58F36E7FC}"
EndProject
Global
	GlobalSection(SolutionConfigurationPlatforms) = preSolution
		Debug|Any CPU = Debug|Any CPU
		Release|Any CPU = Release|Any CPU
	EndGlobalSection
	GlobalSection(ProjectConfigurationPlatforms) = postSolution
		{E577C922-00CD-4A7A-A7F6-93D58F36E7FC}.Debug|Any CPU.ActiveCfg = Debug|Any CPU
		{E577C922-00CD-4A7A-A7F6-93D58F36E7FC}.Debug|Any CPU.Build.0 = Debug|Any CPU
		{E577C922-00CD-4A7A-A7F6-93D58F36E7FC}.Release|Any CPU.ActiveCfg = Release|Any CPU
		{E577C922-00CD-4A7A-A7F6-93D58F36E7FC}.Release|Any CPU.Build.0 = Release|Any CPU
	EndGlobalSection
	GlobalSection(SolutionProperties) = preSolution
		HideSolutionNode = FALSE
	EndGlobalSection
	GlobalSection(ExtensibilityGlobals) = postSolution
		SolutionGuid = {0212D919-994B-438E-9C1B-53E14D454735}
	EndGlobalSection
EndGlobal
